
Microsoft Visual Studio Solution File, Format Version 12.00
# Visual Studio Version 16
VisualStudioVersion = 16.0.31313.79
MinimumVisualStudioVersion = 10.0.40219.1
Project("{9A19103F-16F7-4668-BE54-9A1E7A4F7556}") = "R5T.C0001", "R5T.C0001\R5T.C0001.csproj", "{1BE012C5-9F4B-42B4-BB92-9FBCD7ED929C}"
EndProject
Project("{2150E333-8FDC-42A3-9474-1A3956D46DE8}") = "_Dependencies", "_Dependencies", "{AB355D03-C538-427B-A68D-B5D519193A9D}"
EndProject
Project("{9A19103F-16F7-4668-BE54-9A1E7A4F7556}") = "R5T.T0071.X001", "..\..\R5T.T0071\source\R5T.T0071.X001\R5T.T0071.X001.csproj", "{F60FFE27-32F3-4C80-A14E-580511573575}"
EndProject
Global
	GlobalSection(SolutionConfigurationPlatforms) = preSolution
		Debug|Any CPU = Debug|Any CPU
		Release|Any CPU = Release|Any CPU
	EndGlobalSection
	GlobalSection(ProjectConfigurationPlatforms) = postSolution
		{1BE012C5-9F4B-42B4-BB92-9FBCD7ED929C}.Debug|Any CPU.ActiveCfg = Debug|Any CPU
		{1BE012C5-9F4B-42B4-BB92-9FBCD7ED929C}.Debug|Any CPU.Build.0 = Debug|Any CPU
		{1BE012C5-9F4B-42B4-BB92-9FBCD7ED929C}.Release|Any CPU.ActiveCfg = Release|Any CPU
		{1BE012C5-9F4B-42B4-BB92-9FBCD7ED929C}.Release|Any CPU.Build.0 = Release|Any CPU
		{F60FFE27-32F3-4C80-A14E-580511573575}.Debug|Any CPU.ActiveCfg = Debug|Any CPU
		{F60FFE27-32F3-4C80-A14E-580511573575}.Debug|Any CPU.Build.0 = Debug|Any CPU
		{F60FFE27-32F3-4C80-A14E-580511573575}.Release|Any CPU.ActiveCfg = Release|Any CPU
		{F60FFE27-32F3-4C80-A14E-580511573575}.Release|Any CPU.Build.0 = Release|Any CPU
	EndGlobalSection
	GlobalSection(SolutionProperties) = preSolution
		HideSolutionNode = FALSE
	EndGlobalSection
	GlobalSection(NestedProjects) = preSolution
		{F60FFE27-32F3-4C80-A14E-580511573575} = {AB355D03-C538-427B-A68D-B5D519193A9D}
	EndGlobalSection
	GlobalSection(ExtensibilityGlobals) = postSolution
		SolutionGuid = {E324BA06-A5CF-4B92-93BD-EAB837564C19}
	EndGlobalSection
EndGlobal
